
Microsoft Visual Studio Solution File, Format Version 12.00
# Visual Studio Version 17
VisualStudioVersion = 17.13.35913.81 d17.13
MinimumVisualStudioVersion = 10.0.40219.1
Project("{888888A0-9F3D-457C-B088-3A5042F75D52}") = "vidage-ots", "vidage-ots.pyproj", "{776D4BE5-357E-497A-A4F2-75FEB9C2C974}"
EndProject
Global
	GlobalSection(SolutionConfigurationPlatforms) = preSolution
		Debug|Any CPU = Debug|Any CPU
		Release|Any CPU = Release|Any CPU
	EndGlobalSection
	GlobalSection(ProjectConfigurationPlatforms) = postSolution
		{776D4BE5-357E-497A-A4F2-75FEB9C2C974}.Debug|Any CPU.ActiveCfg = Debug|Any CPU
		{776D4BE5-357E-497A-A4F2-75FEB9C2C974}.Release|Any CPU.ActiveCfg = Release|Any CPU
	EndGlobalSection
	GlobalSection(SolutionProperties) = preSolution
		HideSolutionNode = FALSE
	EndGlobalSection
	GlobalSection(ExtensibilityGlobals) = postSolution
		SolutionGuid = {C29D6C7E-FE77-40EB-8EB6-EBAAE11A7308}
	EndGlobalSection
EndGlobal
